
Microsoft Visual Studio Solution File, Format Version 12.00
# Visual Studio Version 16
VisualStudioVersion = 16.0.30621.155
MinimumVisualStudioVersion = 10.0.40219.1
Project("{D954291E-2A0B-460D-934E-DC6B0785DB48}") = "First_Uno.Shared", "First_Uno\First_Uno.Shared\First_Uno.Shared.shproj", "{6279C845-92F8-4333-AB99-3D213163593C}"
EndProject
Project("{2150E333-8FDC-42A3-9474-1A3956D46DE8}") = "Platforms", "Platforms", "{61BFB7A3-C9A6-4422-82DA-36218E8BA1EF}"
EndProject
Project("{FAE04EC0-301F-11D3-BF4B-00C04F79EFBC}") = "First_Uno.Droid", "First_Uno\First_Uno.Droid\First_Uno.Droid.csproj", "{B836C3A1-96D7-46B5-AB70-F5E77F0F4F7B}"
EndProject
Project("{FAE04EC0-301F-11D3-BF4B-00C04F79EFBC}") = "First_Uno.iOS", "First_Uno\First_Uno.iOS\First_Uno.iOS.csproj", "{62BBC2C2-6F44-4AF0-BB9B-98496E00B327}"
EndProject
Project("{FAE04EC0-301F-11D3-BF4B-00C04F79EFBC}") = "First_Uno.Wasm", "First_Uno\First_Uno.Wasm\First_Uno.Wasm.csproj", "{3A287D2E-6F5D-47F9-9C3C-65B9C6603407}"
EndProject
Project("{FAE04EC0-301F-11D3-BF4B-00C04F79EFBC}") = "First_Uno.macOS", "First_Uno\First_Uno.macOS\First_Uno.macOS.csproj", "{A61F878F-1523-41E3-AE0A-2788AA00B63C}"
EndProject
Project("{FAE04EC0-301F-11D3-BF4B-00C04F79EFBC}") = "First_Uno.Skia.Wpf.Host", "First_Uno\First_Uno.Skia.Wpf.Host\First_Uno.Skia.Wpf.Host.csproj", "{E60D5D45-0B23-426F-8A8D-48FABC035C61}"
EndProject
Project("{FAE04EC0-301F-11D3-BF4B-00C04F79EFBC}") = "First_Uno.Skia.Wpf", "First_Uno\First_Uno.Skia.Wpf\First_Uno.Skia.Wpf.csproj", "{DD5B71D4-E8F2-4621-8B5F-F8A2675511E7}"
EndProject
Project("{FAE04EC0-301F-11D3-BF4B-00C04F79EFBC}") = "First_Uno.Skia.Gtk", "First_Uno\First_Uno.Skia.Gtk\First_Uno.Skia.Gtk.csproj", "{54B7E846-786E-4C18-96ED-BBFD2D096E2F}"
EndProject
Global
	GlobalSection(SharedMSBuildProjectFiles) = preSolution
		First_Uno\First_Uno.Shared\First_Uno.Shared.projitems*{3a287d2e-6f5d-47f9-9c3c-65b9c6603407}*SharedItemsImports = 5
		First_Uno\First_Uno.Shared\First_Uno.Shared.projitems*{54b7e846-786e-4c18-96ed-bbfd2d096e2f}*SharedItemsImports = 5
		First_Uno\First_Uno.Shared\First_Uno.Shared.projitems*{6279c845-92f8-4333-ab99-3d213163593c}*SharedItemsImports = 13
		First_Uno\First_Uno.Shared\First_Uno.Shared.projitems*{62bbc2c2-6f44-4af0-bb9b-98496e00b327}*SharedItemsImports = 4
		First_Uno\First_Uno.Shared\First_Uno.Shared.projitems*{a61f878f-1523-41e3-ae0a-2788aa00b63c}*SharedItemsImports = 4
		First_Uno\First_Uno.Shared\First_Uno.Shared.projitems*{b836c3a1-96d7-46b5-ab70-f5e77f0f4f7b}*SharedItemsImports = 4
		First_Uno\First_Uno.Shared\First_Uno.Shared.projitems*{dd5b71d4-e8f2-4621-8b5f-f8a2675511e7}*SharedItemsImports = 5
	EndGlobalSection
	GlobalSection(SolutionConfigurationPlatforms) = preSolution
		Ad-Hoc|Any CPU = Ad-Hoc|Any CPU
		Ad-Hoc|iPhone = Ad-Hoc|iPhone
		Ad-Hoc|iPhoneSimulator = Ad-Hoc|iPhoneSimulator
		AppStore|Any CPU = AppStore|Any CPU
		AppStore|iPhone = AppStore|iPhone
		AppStore|iPhoneSimulator = AppStore|iPhoneSimulator
		Debug|Any CPU = Debug|Any CPU
		Debug|iPhone = Debug|iPhone
		Debug|iPhoneSimulator = Debug|iPhoneSimulator
		Release|Any CPU = Release|Any CPU
		Release|iPhone = Release|iPhone
		Release|iPhoneSimulator = Release|iPhoneSimulator
	EndGlobalSection
	GlobalSection(ProjectConfigurationPlatforms) = postSolution
		{B836C3A1-96D7-46B5-AB70-F5E77F0F4F7B}.Ad-Hoc|Any CPU.ActiveCfg = Debug|Any CPU
		{B836C3A1-96D7-46B5-AB70-F5E77F0F4F7B}.Ad-Hoc|Any CPU.Build.0 = Debug|Any CPU
		{B836C3A1-96D7-46B5-AB70-F5E77F0F4F7B}.Ad-Hoc|Any CPU.Deploy.0 = Debug|Any CPU
		{B836C3A1-96D7-46B5-AB70-F5E77F0F4F7B}.Ad-Hoc|iPhone.ActiveCfg = Debug|Any CPU
		{B836C3A1-96D7-46B5-AB70-F5E77F0F4F7B}.Ad-Hoc|iPhone.Build.0 = Debug|Any CPU
		{B836C3A1-96D7-46B5-AB70-F5E77F0F4F7B}.Ad-Hoc|iPhone.Deploy.0 = Debug|Any CPU
		{B836C3A1-96D7-46B5-AB70-F5E77F0F4F7B}.Ad-Hoc|iPhoneSimulator.ActiveCfg = Debug|Any CPU
		{B836C3A1-96D7-46B5-AB70-F5E77F0F4F7B}.Ad-Hoc|iPhoneSimulator.Build.0 = Debug|Any CPU
		{B836C3A1-96D7-46B5-AB70-F5E77F0F4F7B}.Ad-Hoc|iPhoneSimulator.Deploy.0 = Debug|Any CPU
		{B836C3A1-96D7-46B5-AB70-F5E77F0F4F7B}.AppStore|Any CPU.ActiveCfg = Debug|Any CPU
		{B836C3A1-96D7-46B5-AB70-F5E77F0F4F7B}.AppStore|Any CPU.Build.0 = Debug|Any CPU
		{B836C3A1-96D7-46B5-AB70-F5E77F0F4F7B}.AppStore|Any CPU.Deploy.0 = Debug|Any CPU
		{B836C3A1-96D7-46B5-AB70-F5E77F0F4F7B}.AppStore|iPhone.ActiveCfg = Debug|Any CPU
		{B836C3A1-96D7-46B5-AB70-F5E77F0F4F7B}.AppStore|iPhone.Build.0 = Debug|Any CPU
		{B836C3A1-96D7-46B5-AB70-F5E77F0F4F7B}.AppStore|iPhone.Deploy.0 = Debug|Any CPU
		{B836C3A1-96D7-46B5-AB70-F5E77F0F4F7B}.AppStore|iPhoneSimulator.ActiveCfg = Debug|Any CPU
		{B836C3A1-96D7-46B5-AB70-F5E77F0F4F7B}.AppStore|iPhoneSimulator.Build.0 = Debug|Any CPU
		{B836C3A1-96D7-46B5-AB70-F5E77F0F4F7B}.AppStore|iPhoneSimulator.Deploy.0 = Debug|Any CPU
		{B836C3A1-96D7-46B5-AB70-F5E77F0F4F7B}.Debug|Any CPU.ActiveCfg = Debug|Any CPU
		{B836C3A1-96D7-46B5-AB70-F5E77F0F4F7B}.Debug|Any CPU.Build.0 = Debug|Any CPU
		{B836C3A1-96D7-46B5-AB70-F5E77F0F4F7B}.Debug|Any CPU.Deploy.0 = Debug|Any CPU
		{B836C3A1-96D7-46B5-AB70-F5E77F0F4F7B}.Debug|iPhone.ActiveCfg = Debug|Any CPU
		{B836C3A1-96D7-46B5-AB70-F5E77F0F4F7B}.Debug|iPhone.Build.0 = Debug|Any CPU
		{B836C3A1-96D7-46B5-AB70-F5E77F0F4F7B}.Debug|iPhone.Deploy.0 = Debug|Any CPU
		{B836C3A1-96D7-46B5-AB70-F5E77F0F4F7B}.Debug|iPhoneSimulator.ActiveCfg = Debug|Any CPU
		{B836C3A1-96D7-46B5-AB70-F5E77F0F4F7B}.Debug|iPhoneSimulator.Build.0 = Debug|Any CPU
		{B836C3A1-96D7-46B5-AB70-F5E77F0F4F7B}.Debug|iPhoneSimulator.Deploy.0 = Debug|Any CPU
		{B836C3A1-96D7-46B5-AB70-F5E77F0F4F7B}.Release|Any CPU.ActiveCfg = Release|Any CPU
		{B836C3A1-96D7-46B5-AB70-F5E77F0F4F7B}.Release|Any CPU.Build.0 = Release|Any CPU
		{B836C3A1-96D7-46B5-AB70-F5E77F0F4F7B}.Release|Any CPU.Deploy.0 = Release|Any CPU
		{B836C3A1-96D7-46B5-AB70-F5E77F0F4F7B}.Release|iPhone.ActiveCfg = Release|Any CPU
		{B836C3A1-96D7-46B5-AB70-F5E77F0F4F7B}.Release|iPhone.Build.0 = Release|Any CPU
		{B836C3A1-96D7-46B5-AB70-F5E77F0F4F7B}.Release|iPhone.Deploy.0 = Release|Any CPU
		{B836C3A1-96D7-46B5-AB70-F5E77F0F4F7B}.Release|iPhoneSimulator.ActiveCfg = Release|Any CPU
		{B836C3A1-96D7-46B5-AB70-F5E77F0F4F7B}.Release|iPhoneSimulator.Build.0 = Release|Any CPU
		{B836C3A1-96D7-46B5-AB70-F5E77F0F4F7B}.Release|iPhoneSimulator.Deploy.0 = Release|Any CPU
		{62BBC2C2-6F44-4AF0-BB9B-98496E00B327}.Ad-Hoc|Any CPU.ActiveCfg = Ad-Hoc|iPhoneSimulator
		{62BBC2C2-6F44-4AF0-BB9B-98496E00B327}.Ad-Hoc|iPhone.ActiveCfg = Ad-Hoc|iPhone
		{62BBC2C2-6F44-4AF0-BB9B-98496E00B327}.Ad-Hoc|iPhone.Build.0 = Ad-Hoc|iPhone
		{62BBC2C2-6F44-4AF0-BB9B-98496E00B327}.Ad-Hoc|iPhoneSimulator.ActiveCfg = Ad-Hoc|iPhoneSimulator
		{62BBC2C2-6F44-4AF0-BB9B-98496E00B327}.Ad-Hoc|iPhoneSimulator.Build.0 = Ad-Hoc|iPhoneSimulator
		{62BBC2C2-6F44-4AF0-BB9B-98496E00B327}.AppStore|Any CPU.ActiveCfg = AppStore|iPhoneSimulator
		{62BBC2C2-6F44-4AF0-BB9B-98496E00B327}.AppStore|iPhone.ActiveCfg = AppStore|iPhone
		{62BBC2C2-6F44-4AF0-BB9B-98496E00B327}.AppStore|iPhone.Build.0 = AppStore|iPhone
		{62BBC2C2-6F44-4AF0-BB9B-98496E00B327}.AppStore|iPhoneSimulator.ActiveCfg = AppStore|iPhoneSimulator
		{62BBC2C2-6F44-4AF0-BB9B-98496E00B327}.AppStore|iPhoneSimulator.Build.0 = AppStore|iPhoneSimulator
		{62BBC2C2-6F44-4AF0-BB9B-98496E00B327}.Debug|Any CPU.ActiveCfg = Debug|iPhoneSimulator
		{62BBC2C2-6F44-4AF0-BB9B-98496E00B327}.Debug|iPhone.ActiveCfg = Debug|iPhone
		{62BBC2C2-6F44-4AF0-BB9B-98496E00B327}.Debug|iPhone.Build.0 = Debug|iPhone
		{62BBC2C2-6F44-4AF0-BB9B-98496E00B327}.Debug|iPhoneSimulator.ActiveCfg = Debug|iPhoneSimulator
		{62BBC2C2-6F44-4AF0-BB9B-98496E00B327}.Debug|iPhoneSimulator.Build.0 = Debug|iPhoneSimulator
		{62BBC2C2-6F44-4AF0-BB9B-98496E00B327}.Release|Any CPU.ActiveCfg = Release|iPhoneSimulator
		{62BBC2C2-6F44-4AF0-BB9B-98496E00B327}.Release|iPhone.ActiveCfg = Release|iPhone
		{62BBC2C2-6F44-4AF0-BB9B-98496E00B327}.Release|iPhone.Build.0 = Release|iPhone
		{62BBC2C2-6F44-4AF0-BB9B-98496E00B327}.Release|iPhoneSimulator.ActiveCfg = Release|iPhoneSimulator
		{62BBC2C2-6F44-4AF0-BB9B-98496E00B327}.Release|iPhoneSimulator.Build.0 = Release|iPhoneSimulator
		{3A287D2E-6F5D-47F9-9C3C-65B9C6603407}.Ad-Hoc|Any CPU.ActiveCfg = Release|Any CPU
		{3A287D2E-6F5D-47F9-9C3C-65B9C6603407}.Ad-Hoc|Any CPU.Build.0 = Release|Any CPU
		{3A287D2E-6F5D-47F9-9C3C-65B9C6603407}.Ad-Hoc|iPhone.ActiveCfg = Release|Any CPU
		{3A287D2E-6F5D-47F9-9C3C-65B9C6603407}.Ad-Hoc|iPhone.Build.0 = Release|Any CPU
		{3A287D2E-6F5D-47F9-9C3C-65B9C6603407}.Ad-Hoc|iPhoneSimulator.ActiveCfg = Release|Any CPU
		{3A287D2E-6F5D-47F9-9C3C-65B9C6603407}.Ad-Hoc|iPhoneSimulator.Build.0 = Release|Any CPU
		{3A287D2E-6F5D-47F9-9C3C-65B9C6603407}.AppStore|Any CPU.ActiveCfg = Release|Any CPU
		{3A287D2E-6F5D-47F9-9C3C-65B9C6603407}.AppStore|Any CPU.Build.0 = Release|Any CPU
		{3A287D2E-6F5D-47F9-9C3C-65B9C6603407}.AppStore|iPhone.ActiveCfg = Release|Any CPU
		{3A287D2E-6F5D-47F9-9C3C-65B9C6603407}.AppStore|iPhone.Build.0 = Release|Any CPU
		{3A287D2E-6F5D-47F9-9C3C-65B9C6603407}.AppStore|iPhoneSimulator.ActiveCfg = Release|Any CPU
		{3A287D2E-6F5D-47F9-9C3C-65B9C6603407}.AppStore|iPhoneSimulator.Build.0 = Release|Any CPU
		{3A287D2E-6F5D-47F9-9C3C-65B9C6603407}.Debug|Any CPU.ActiveCfg = Debug|Any CPU
		{3A287D2E-6F5D-47F9-9C3C-65B9C6603407}.Debug|Any CPU.Build.0 = Debug|Any CPU
		{3A287D2E-6F5D-47F9-9C3C-65B9C6603407}.Debug|iPhone.ActiveCfg = Debug|Any CPU
		{3A287D2E-6F5D-47F9-9C3C-65B9C6603407}.Debug|iPhone.Build.0 = Debug|Any CPU
		{3A287D2E-6F5D-47F9-9C3C-65B9C6603407}.Debug|iPhoneSimulator.ActiveCfg = Debug|Any CPU
		{3A287D2E-6F5D-47F9-9C3C-65B9C6603407}.Debug|iPhoneSimulator.Build.0 = Debug|Any CPU
		{3A287D2E-6F5D-47F9-9C3C-65B9C6603407}.Release|Any CPU.ActiveCfg = Release|Any CPU
		{3A287D2E-6F5D-47F9-9C3C-65B9C6603407}.Release|Any CPU.Build.0 = Release|Any CPU
		{3A287D2E-6F5D-47F9-9C3C-65B9C6603407}.Release|iPhone.ActiveCfg = Release|Any CPU
		{3A287D2E-6F5D-47F9-9C3C-65B9C6603407}.Release|iPhone.Build.0 = Release|Any CPU
		{3A287D2E-6F5D-47F9-9C3C-65B9C6603407}.Release|iPhoneSimulator.ActiveCfg = Release|Any CPU
		{3A287D2E-6F5D-47F9-9C3C-65B9C6603407}.Release|iPhoneSimulator.Build.0 = Release|Any CPU
		{A61F878F-1523-41E3-AE0A-2788AA00B63C}.Ad-Hoc|Any CPU.ActiveCfg = Debug|iPhoneSimulator
		{A61F878F-1523-41E3-AE0A-2788AA00B63C}.Ad-Hoc|Any CPU.Build.0 = Debug|iPhoneSimulator
		{A61F878F-1523-41E3-AE0A-2788AA00B63C}.Ad-Hoc|iPhone.ActiveCfg = Debug|iPhoneSimulator
		{A61F878F-1523-41E3-AE0A-2788AA00B63C}.Ad-Hoc|iPhone.Build.0 = Debug|iPhoneSimulator
		{A61F878F-1523-41E3-AE0A-2788AA00B63C}.Ad-Hoc|iPhoneSimulator.ActiveCfg = Debug|iPhoneSimulator
		{A61F878F-1523-41E3-AE0A-2788AA00B63C}.Ad-Hoc|iPhoneSimulator.Build.0 = Debug|iPhoneSimulator
		{A61F878F-1523-41E3-AE0A-2788AA00B63C}.AppStore|Any CPU.ActiveCfg = Debug|iPhoneSimulator
		{A61F878F-1523-41E3-AE0A-2788AA00B63C}.AppStore|Any CPU.Build.0 = Debug|iPhoneSimulator
		{A61F878F-1523-41E3-AE0A-2788AA00B63C}.AppStore|iPhone.ActiveCfg = Debug|iPhoneSimulator
		{A61F878F-1523-41E3-AE0A-2788AA00B63C}.AppStore|iPhone.Build.0 = Debug|iPhoneSimulator
		{A61F878F-1523-41E3-AE0A-2788AA00B63C}.AppStore|iPhoneSimulator.ActiveCfg = Debug|iPhoneSimulator
		{A61F878F-1523-41E3-AE0A-2788AA00B63C}.AppStore|iPhoneSimulator.Build.0 = Debug|iPhoneSimulator
		{A61F878F-1523-41E3-AE0A-2788AA00B63C}.Debug|Any CPU.ActiveCfg = Debug|iPhoneSimulator
		{A61F878F-1523-41E3-AE0A-2788AA00B63C}.Debug|iPhone.ActiveCfg = Debug|iPhoneSimulator
		{A61F878F-1523-41E3-AE0A-2788AA00B63C}.Debug|iPhoneSimulator.ActiveCfg = Debug|iPhoneSimulator
		{A61F878F-1523-41E3-AE0A-2788AA00B63C}.Debug|iPhoneSimulator.Build.0 = Debug|iPhoneSimulator
		{A61F878F-1523-41E3-AE0A-2788AA00B63C}.Release|Any CPU.ActiveCfg = Release|iPhoneSimulator
		{A61F878F-1523-41E3-AE0A-2788AA00B63C}.Release|iPhone.ActiveCfg = Release|iPhoneSimulator
		{A61F878F-1523-41E3-AE0A-2788AA00B63C}.Release|iPhoneSimulator.ActiveCfg = Release|iPhoneSimulator
		{A61F878F-1523-41E3-AE0A-2788AA00B63C}.Release|iPhoneSimulator.Build.0 = Release|iPhoneSimulator
		{E60D5D45-0B23-426F-8A8D-48FABC035C61}.Ad-Hoc|Any CPU.ActiveCfg = Release|Any CPU
		{E60D5D45-0B23-426F-8A8D-48FABC035C61}.Ad-Hoc|Any CPU.Build.0 = Release|Any CPU
		{E60D5D45-0B23-426F-8A8D-48FABC035C61}.Ad-Hoc|iPhone.ActiveCfg = Release|Any CPU
		{E60D5D45-0B23-426F-8A8D-48FABC035C61}.Ad-Hoc|iPhone.Build.0 = Release|Any CPU
		{E60D5D45-0B23-426F-8A8D-48FABC035C61}.Ad-Hoc|iPhoneSimulator.ActiveCfg = Release|Any CPU
		{E60D5D45-0B23-426F-8A8D-48FABC035C61}.Ad-Hoc|iPhoneSimulator.Build.0 = Release|Any CPU
		{E60D5D45-0B23-426F-8A8D-48FABC035C61}.AppStore|Any CPU.ActiveCfg = Release|Any CPU
		{E60D5D45-0B23-426F-8A8D-48FABC035C61}.AppStore|Any CPU.Build.0 = Release|Any CPU
		{E60D5D45-0B23-426F-8A8D-48FABC035C61}.AppStore|iPhone.ActiveCfg = Release|Any CPU
		{E60D5D45-0B23-426F-8A8D-48FABC035C61}.AppStore|iPhone.Build.0 = Release|Any CPU
		{E60D5D45-0B23-426F-8A8D-48FABC035C61}.AppStore|iPhoneSimulator.ActiveCfg = Release|Any CPU
		{E60D5D45-0B23-426F-8A8D-48FABC035C61}.AppStore|iPhoneSimulator.Build.0 = Release|Any CPU
		{E60D5D45-0B23-426F-8A8D-48FABC035C61}.Debug|Any CPU.ActiveCfg = Debug|Any CPU
		{E60D5D45-0B23-426F-8A8D-48FABC035C61}.Debug|Any CPU.Build.0 = Debug|Any CPU
		{E60D5D45-0B23-426F-8A8D-48FABC035C61}.Debug|iPhone.ActiveCfg = Debug|Any CPU
		{E60D5D45-0B23-426F-8A8D-48FABC035C61}.Debug|iPhone.Build.0 = Debug|Any CPU
		{E60D5D45-0B23-426F-8A8D-48FABC035C61}.Debug|iPhoneSimulator.ActiveCfg = Debug|Any CPU
		{E60D5D45-0B23-426F-8A8D-48FABC035C61}.Debug|iPhoneSimulator.Build.0 = Debug|Any CPU
		{E60D5D45-0B23-426F-8A8D-48FABC035C61}.Release|Any CPU.ActiveCfg = Release|Any CPU
		{E60D5D45-0B23-426F-8A8D-48FABC035C61}.Release|Any CPU.Build.0 = Release|Any CPU
		{E60D5D45-0B23-426F-8A8D-48FABC035C61}.Release|iPhone.ActiveCfg = Release|Any CPU
		{E60D5D45-0B23-426F-8A8D-48FABC035C61}.Release|iPhone.Build.0 = Release|Any CPU
		{E60D5D45-0B23-426F-8A8D-48FABC035C61}.Release|iPhoneSimulator.ActiveCfg = Release|Any CPU
		{E60D5D45-0B23-426F-8A8D-48FABC035C61}.Release|iPhoneSimulator.Build.0 = Release|Any CPU
		{DD5B71D4-E8F2-4621-8B5F-F8A2675511E7}.Ad-Hoc|Any CPU.ActiveCfg = Release|Any CPU
		{DD5B71D4-E8F2-4621-8B5F-F8A2675511E7}.Ad-Hoc|Any CPU.Build.0 = Release|Any CPU
		{DD5B71D4-E8F2-4621-8B5F-F8A2675511E7}.Ad-Hoc|iPhone.ActiveCfg = Release|Any CPU
		{DD5B71D4-E8F2-4621-8B5F-F8A2675511E7}.Ad-Hoc|iPhone.Build.0 = Release|Any CPU
		{DD5B71D4-E8F2-4621-8B5F-F8A2675511E7}.Ad-Hoc|iPhoneSimulator.ActiveCfg = Release|Any CPU
		{DD5B71D4-E8F2-4621-8B5F-F8A2675511E7}.Ad-Hoc|iPhoneSimulator.Build.0 = Release|Any CPU
		{DD5B71D4-E8F2-4621-8B5F-F8A2675511E7}.AppStore|Any CPU.ActiveCfg = Release|Any CPU
		{DD5B71D4-E8F2-4621-8B5F-F8A2675511E7}.AppStore|Any CPU.Build.0 = Release|Any CPU
		{DD5B71D4-E8F2-4621-8B5F-F8A2675511E7}.AppStore|iPhone.ActiveCfg = Release|Any CPU
		{DD5B71D4-E8F2-4621-8B5F-F8A2675511E7}.AppStore|iPhone.Build.0 = Release|Any CPU
		{DD5B71D4-E8F2-4621-8B5F-F8A2675511E7}.AppStore|iPhoneSimulator.ActiveCfg = Release|Any CPU
		{DD5B71D4-E8F2-4621-8B5F-F8A2675511E7}.AppStore|iPhoneSimulator.Build.0 = Release|Any CPU
		{DD5B71D4-E8F2-4621-8B5F-F8A2675511E7}.Debug|Any CPU.ActiveCfg = Debug|Any CPU
		{DD5B71D4-E8F2-4621-8B5F-F8A2675511E7}.Debug|Any CPU.Build.0 = Debug|Any CPU
		{DD5B71D4-E8F2-4621-8B5F-F8A2675511E7}.Debug|iPhone.ActiveCfg = Debug|Any CPU
		{DD5B71D4-E8F2-4621-8B5F-F8A2675511E7}.Debug|iPhone.Build.0 = Debug|Any CPU
		{DD5B71D4-E8F2-4621-8B5F-F8A2675511E7}.Debug|iPhoneSimulator.ActiveCfg = Debug|Any CPU
		{DD5B71D4-E8F2-4621-8B5F-F8A2675511E7}.Debug|iPhoneSimulator.Build.0 = Debug|Any CPU
		{DD5B71D4-E8F2-4621-8B5F-F8A2675511E7}.Release|Any CPU.ActiveCfg = Release|Any CPU
		{DD5B71D4-E8F2-4621-8B5F-F8A2675511E7}.Release|Any CPU.Build.0 = Release|Any CPU
		{DD5B71D4-E8F2-4621-8B5F-F8A2675511E7}.Release|iPhone.ActiveCfg = Release|Any CPU
		{DD5B71D4-E8F2-4621-8B5F-F8A2675511E7}.Release|iPhone.Build.0 = Release|Any CPU
		{DD5B71D4-E8F2-4621-8B5F-F8A2675511E7}.Release|iPhoneSimulator.ActiveCfg = Release|Any CPU
		{DD5B71D4-E8F2-4621-8B5F-F8A2675511E7}.Release|iPhoneSimulator.Build.0 = Release|Any CPU
		{54B7E846-786E-4C18-96ED-BBFD2D096E2F}.Ad-Hoc|Any CPU.ActiveCfg = Release|Any CPU
		{54B7E846-786E-4C18-96ED-BBFD2D096E2F}.Ad-Hoc|Any CPU.Build.0 = Release|Any CPU
		{54B7E846-786E-4C18-96ED-BBFD2D096E2F}.Ad-Hoc|iPhone.ActiveCfg = Release|Any CPU
		{54B7E846-786E-4C18-96ED-BBFD2D096E2F}.Ad-Hoc|iPhone.Build.0 = Release|Any CPU
		{54B7E846-786E-4C18-96ED-BBFD2D096E2F}.Ad-Hoc|iPhoneSimulator.ActiveCfg = Release|Any CPU
		{54B7E846-786E-4C18-96ED-BBFD2D096E2F}.Ad-Hoc|iPhoneSimulator.Build.0 = Release|Any CPU
		{54B7E846-786E-4C18-96ED-BBFD2D096E2F}.AppStore|Any CPU.ActiveCfg = Release|Any CPU
		{54B7E846-786E-4C18-96ED-BBFD2D096E2F}.AppStore|Any CPU.Build.0 = Release|Any CPU
		{54B7E846-786E-4C18-96ED-BBFD2D096E2F}.AppStore|iPhone.ActiveCfg = Release|Any CPU
		{54B7E846-786E-4C18-96ED-BBFD2D096E2F}.AppStore|iPhone.Build.0 = Release|Any CPU
		{54B7E846-786E-4C18-96ED-BBFD2D096E2F}.AppStore|iPhoneSimulator.ActiveCfg = Release|Any CPU
		{54B7E846-786E-4C18-96ED-BBFD2D096E2F}.AppStore|iPhoneSimulator.Build.0 = Release|Any CPU
		{54B7E846-786E-4C18-96ED-BBFD2D096E2F}.Debug|Any CPU.ActiveCfg = Debug|Any CPU
		{54B7E846-786E-4C18-96ED-BBFD2D096E2F}.Debug|Any CPU.Build.0 = Debug|Any CPU
		{54B7E846-786E-4C18-96ED-BBFD2D096E2F}.Debug|iPhone.ActiveCfg = Debug|Any CPU
		{54B7E846-786E-4C18-96ED-BBFD2D096E2F}.Debug|iPhone.Build.0 = Debug|Any CPU
		{54B7E846-786E-4C18-96ED-BBFD2D096E2F}.Debug|iPhoneSimulator.ActiveCfg = Debug|Any CPU
		{54B7E846-786E-4C18-96ED-BBFD2D096E2F}.Debug|iPhoneSimulator.Build.0 = Debug|Any CPU
		{54B7E846-786E-4C18-96ED-BBFD2D096E2F}.Release|Any CPU.ActiveCfg = Release|Any CPU
		{54B7E846-786E-4C18-96ED-BBFD2D096E2F}.Release|Any CPU.Build.0 = Release|Any CPU
		{54B7E846-786E-4C18-96ED-BBFD2D096E2F}.Release|iPhone.ActiveCfg = Release|Any CPU
		{54B7E846-786E-4C18-96ED-BBFD2D096E2F}.Release|iPhone.Build.0 = Release|Any CPU
		{54B7E846-786E-4C18-96ED-BBFD2D096E2F}.Release|iPhoneSimulator.ActiveCfg = Release|Any CPU
		{54B7E846-786E-4C18-96ED-BBFD2D096E2F}.Release|iPhoneSimulator.Build.0 = Release|Any CPU
	EndGlobalSection
	GlobalSection(SolutionProperties) = preSolution
		HideSolutionNode = FALSE
	EndGlobalSection
	GlobalSection(NestedProjects) = preSolution
		{B836C3A1-96D7-46B5-AB70-F5E77F0F4F7B} = {61BFB7A3-C9A6-4422-82DA-36218E8BA1EF}
		{62BBC2C2-6F44-4AF0-BB9B-98496E00B327} = {61BFB7A3-C9A6-4422-82DA-36218E8BA1EF}
		{3A287D2E-6F5D-47F9-9C3C-65B9C6603407} = {61BFB7A3-C9A6-4422-82DA-36218E8BA1EF}
		{A61F878F-1523-41E3-AE0A-2788AA00B63C} = {61BFB7A3-C9A6-4422-82DA-36218E8BA1EF}
		{E60D5D45-0B23-426F-8A8D-48FABC035C61} = {61BFB7A3-C9A6-4422-82DA-36218E8BA1EF}
		{DD5B71D4-E8F2-4621-8B5F-F8A2675511E7} = {61BFB7A3-C9A6-4422-82DA-36218E8BA1EF}
		{54B7E846-786E-4C18-96ED-BBFD2D096E2F} = {61BFB7A3-C9A6-4422-82DA-36218E8BA1EF}
	EndGlobalSection
	GlobalSection(ExtensibilityGlobals) = postSolution
		SolutionGuid = {438C4CEF-C885-4F02-A25C-3AB873134A93}
	EndGlobalSection
EndGlobal
