
Microsoft Visual Studio Solution File, Format Version 12.00
# Visual Studio Version 17
VisualStudioVersion = 17.0.32014.148
MinimumVisualStudioVersion = 10.0.40219.1
Project("{FAE04EC0-301F-11D3-BF4B-00C04F79EFBC}") = "BlazorApp2.Server", "BlazorApp2\Server\BlazorApp2.Server.csproj", "{882F3372-C38F-4DAA-8C58-95BBD5C026A0}"
EndProject
Project("{FAE04EC0-301F-11D3-BF4B-00C04F79EFBC}") = "BlazorApp2.Client", "BlazorApp2\Client\BlazorApp2.Client.csproj", "{6BDC4762-4970-4ACF-9BE4-AC1797AE53DF}"
EndProject
Project("{FAE04EC0-301F-11D3-BF4B-00C04F79EFBC}") = "BlazorApp2.Shared", "BlazorApp2\Shared\BlazorApp2.Shared.csproj", "{B0CDBBCE-D613-4268-ACCC-52A02A5A228D}"
EndProject
Global
	GlobalSection(SolutionConfigurationPlatforms) = preSolution
		Debug|Any CPU = Debug|Any CPU
		Release|Any CPU = Release|Any CPU
	EndGlobalSection
	GlobalSection(ProjectConfigurationPlatforms) = postSolution
		{882F3372-C38F-4DAA-8C58-95BBD5C026A0}.Debug|Any CPU.ActiveCfg = Debug|Any CPU
		{882F3372-C38F-4DAA-8C58-95BBD5C026A0}.Debug|Any CPU.Build.0 = Debug|Any CPU
		{882F3372-C38F-4DAA-8C58-95BBD5C026A0}.Release|Any CPU.ActiveCfg = Release|Any CPU
		{882F3372-C38F-4DAA-8C58-95BBD5C026A0}.Release|Any CPU.Build.0 = Release|Any CPU
		{6BDC4762-4970-4ACF-9BE4-AC1797AE53DF}.Debug|Any CPU.ActiveCfg = Debug|Any CPU
		{6BDC4762-4970-4ACF-9BE4-AC1797AE53DF}.Debug|Any CPU.Build.0 = Debug|Any CPU
		{6BDC4762-4970-4ACF-9BE4-AC1797AE53DF}.Release|Any CPU.ActiveCfg = Release|Any CPU
		{6BDC4762-4970-4ACF-9BE4-AC1797AE53DF}.Release|Any CPU.Build.0 = Release|Any CPU
		{B0CDBBCE-D613-4268-ACCC-52A02A5A228D}.Debug|Any CPU.ActiveCfg = Debug|Any CPU
		{B0CDBBCE-D613-4268-ACCC-52A02A5A228D}.Debug|Any CPU.Build.0 = Debug|Any CPU
		{B0CDBBCE-D613-4268-ACCC-52A02A5A228D}.Release|Any CPU.ActiveCfg = Release|Any CPU
		{B0CDBBCE-D613-4268-ACCC-52A02A5A228D}.Release|Any CPU.Build.0 = Release|Any CPU
	EndGlobalSection
	GlobalSection(SolutionProperties) = preSolution
		HideSolutionNode = FALSE
	EndGlobalSection
	GlobalSection(ExtensibilityGlobals) = postSolution
		SolutionGuid = {A7D89DFF-97BA-4E1D-8B49-5E11A6431965}
	EndGlobalSection
EndGlobal
