
Microsoft Visual Studio Solution File, Format Version 12.00
# Visual Studio Version 17
VisualStudioVersion = 17.1.32421.90
MinimumVisualStudioVersion = 10.0.40219.1
Project("{9A19103F-16F7-4668-BE54-9A1E7A4F7556}") = "BlazorRESTSample.Api", "BlazorRESTSample.Api\BlazorRESTSample.Api.csproj", "{2E34411D-74EF-4B48-8A37-4AB7DCB7D1F5}"
EndProject
Project("{FAE04EC0-301F-11D3-BF4B-00C04F79EFBC}") = "BlazorRESTSample.Web", "BlazorRESTSample.Web\BlazorRESTSample.Web.csproj", "{88152FB4-A442-46CD-9DF1-FE80A39F28C5}"
EndProject
Global
	GlobalSection(SolutionConfigurationPlatforms) = preSolution
		Debug|Any CPU = Debug|Any CPU
		Release|Any CPU = Release|Any CPU
	EndGlobalSection
	GlobalSection(ProjectConfigurationPlatforms) = postSolution
		{2E34411D-74EF-4B48-8A37-4AB7DCB7D1F5}.Debug|Any CPU.ActiveCfg = Debug|Any CPU
		{2E34411D-74EF-4B48-8A37-4AB7DCB7D1F5}.Debug|Any CPU.Build.0 = Debug|Any CPU
		{2E34411D-74EF-4B48-8A37-4AB7DCB7D1F5}.Release|Any CPU.ActiveCfg = Release|Any CPU
		{2E34411D-74EF-4B48-8A37-4AB7DCB7D1F5}.Release|Any CPU.Build.0 = Release|Any CPU
		{88152FB4-A442-46CD-9DF1-FE80A39F28C5}.Debug|Any CPU.ActiveCfg = Debug|Any CPU
		{88152FB4-A442-46CD-9DF1-FE80A39F28C5}.Debug|Any CPU.Build.0 = Debug|Any CPU
		{88152FB4-A442-46CD-9DF1-FE80A39F28C5}.Release|Any CPU.ActiveCfg = Release|Any CPU
		{88152FB4-A442-46CD-9DF1-FE80A39F28C5}.Release|Any CPU.Build.0 = Release|Any CPU
	EndGlobalSection
	GlobalSection(SolutionProperties) = preSolution
		HideSolutionNode = FALSE
	EndGlobalSection
	GlobalSection(ExtensibilityGlobals) = postSolution
		SolutionGuid = {E049D121-69D1-4D54-B668-9B12F8C70793}
	EndGlobalSection
EndGlobal
